Microsoft Visual Studio Solution File, Format Version 7.00
Project("{8BC9CEB8-8B4A-11D0-8D11-00A0C91BC942}") = "mine", "mine.vcproj", "{5D8395A3-3563-4625-B31F-84069C43D24A}"
EndProject
Global
	GlobalSection(SolutionConfiguration) = preSolution
		ConfigName.0 = DA
		ConfigName.1 = DU
		ConfigName.2 = RA
		ConfigName.3 = RU
	EndGlobalSection
	GlobalSection(ProjectDependencies) = postSolution
	EndGlobalSection
	GlobalSection(ProjectConfiguration) = postSolution
		{5D8395A3-3563-4625-B31F-84069C43D24A}.DA.ActiveCfg = DA|Win32
		{5D8395A3-3563-4625-B31F-84069C43D24A}.DA.Build.0 = DA|Win32
		{5D8395A3-3563-4625-B31F-84069C43D24A}.DU.ActiveCfg = DU|Win32
		{5D8395A3-3563-4625-B31F-84069C43D24A}.DU.Build.0 = DU|Win32
		{5D8395A3-3563-4625-B31F-84069C43D24A}.RA.ActiveCfg = RA|Win32
		{5D8395A3-3563-4625-B31F-84069C43D24A}.RA.Build.0 = RA|Win32
		{5D8395A3-3563-4625-B31F-84069C43D24A}.RU.ActiveCfg = RU|Win32
		{5D8395A3-3563-4625-B31F-84069C43D24A}.RU.Build.0 = RU|Win32
	EndGlobalSection
	GlobalSection(ExtensibilityGlobals) = postSolution
	EndGlobalSection
	GlobalSection(ExtensibilityAddIns) = postSolution
	EndGlobalSection
EndGlobal
