Microsoft Visual Studio Solution File, Format Version 7.00
Project("{8BC9CEB8-8B4A-11D0-8D11-00A0C91BC942}") = "SolveEquationDllD", "SolveEquationDllD.vcproj", "{77F7D3DC-6FE7-4DE1-8691-F88734DC5E33}"
EndProject
Global
	GlobalSection(SolutionConfiguration) = preSolution
		ConfigName.0 = DA
		ConfigName.1 = DU
		ConfigName.2 = RA
		ConfigName.3 = RU
	EndGlobalSection
	GlobalSection(ProjectDependencies) = postSolution
	EndGlobalSection
	GlobalSection(ProjectConfiguration) = postSolution
		{77F7D3DC-6FE7-4DE1-8691-F88734DC5E33}.DA.ActiveCfg = DA|Win32
		{77F7D3DC-6FE7-4DE1-8691-F88734DC5E33}.DA.Build.0 = DA|Win32
		{77F7D3DC-6FE7-4DE1-8691-F88734DC5E33}.DU.ActiveCfg = DU|Win32
		{77F7D3DC-6FE7-4DE1-8691-F88734DC5E33}.DU.Build.0 = DU|Win32
		{77F7D3DC-6FE7-4DE1-8691-F88734DC5E33}.RA.ActiveCfg = RA|Win32
		{77F7D3DC-6FE7-4DE1-8691-F88734DC5E33}.RA.Build.0 = RA|Win32
		{77F7D3DC-6FE7-4DE1-8691-F88734DC5E33}.RU.ActiveCfg = RU|Win32
		{77F7D3DC-6FE7-4DE1-8691-F88734DC5E33}.RU.Build.0 = RU|Win32
	EndGlobalSection
	GlobalSection(ExtensibilityGlobals) = postSolution
	EndGlobalSection
	GlobalSection(ExtensibilityAddIns) = postSolution
	EndGlobalSection
EndGlobal
