Microsoft Visual Studio Solution File, Format Version 7.00
Project("{8BC9CEB8-8B4A-11D0-8D11-00A0C91BC942}") = "mfcSocket", "mfcSocket.vcproj", "{1A864EDF-26B1-4061-BE0C-136B29BF67CE}"
EndProject
Global
	GlobalSection(SolutionConfiguration) = preSolution
		ConfigName.0 = DA
		ConfigName.1 = DU
		ConfigName.2 = RA
		ConfigName.3 = RU
	EndGlobalSection
	GlobalSection(ProjectDependencies) = postSolution
	EndGlobalSection
	GlobalSection(ProjectConfiguration) = postSolution
		{1A864EDF-26B1-4061-BE0C-136B29BF67CE}.DA.ActiveCfg = DA|Win32
		{1A864EDF-26B1-4061-BE0C-136B29BF67CE}.DA.Build.0 = DA|Win32
		{1A864EDF-26B1-4061-BE0C-136B29BF67CE}.DU.ActiveCfg = DU|Win32
		{1A864EDF-26B1-4061-BE0C-136B29BF67CE}.DU.Build.0 = DU|Win32
		{1A864EDF-26B1-4061-BE0C-136B29BF67CE}.RA.ActiveCfg = RA|Win32
		{1A864EDF-26B1-4061-BE0C-136B29BF67CE}.RA.Build.0 = RA|Win32
		{1A864EDF-26B1-4061-BE0C-136B29BF67CE}.RU.ActiveCfg = RU|Win32
		{1A864EDF-26B1-4061-BE0C-136B29BF67CE}.RU.Build.0 = RU|Win32
	EndGlobalSection
	GlobalSection(ExtensibilityGlobals) = postSolution
	EndGlobalSection
	GlobalSection(ExtensibilityAddIns) = postSolution
	EndGlobalSection
EndGlobal
