
Microsoft Visual Studio Solution File, Format Version 12.00
# Visual Studio 14
VisualStudioVersion = 14.0.23107.0
MinimumVisualStudioVersion = 10.0.40219.1
Project("{8BC9CEB8-8B4A-11D0-8D11-00A0C91BC942}") = "SolveEquationDllT", "SolveEquationDllT.vcxproj", "{1D43F06E-DA19-49A4-9FA0-52830CE26FB5}"
EndProject
Global
	GlobalSection(SolutionConfigurationPlatforms) = preSolution
		DA|Win32 = DA|Win32
		DA|x64 = DA|x64
		DU|Win32 = DU|Win32
		DU|x64 = DU|x64
		RA|Win32 = RA|Win32
		RA|x64 = RA|x64
		RU|Win32 = RU|Win32
		RU|x64 = RU|x64
	EndGlobalSection
	GlobalSection(ProjectConfigurationPlatforms) = postSolution
		{1D43F06E-DA19-49A4-9FA0-52830CE26FB5}.DA|Win32.ActiveCfg = DA|Win32
		{1D43F06E-DA19-49A4-9FA0-52830CE26FB5}.DA|Win32.Build.0 = DA|Win32
		{1D43F06E-DA19-49A4-9FA0-52830CE26FB5}.DA|x64.ActiveCfg = DA|x64
		{1D43F06E-DA19-49A4-9FA0-52830CE26FB5}.DA|x64.Build.0 = DA|x64
		{1D43F06E-DA19-49A4-9FA0-52830CE26FB5}.DU|Win32.ActiveCfg = DU|Win32
		{1D43F06E-DA19-49A4-9FA0-52830CE26FB5}.DU|Win32.Build.0 = DU|Win32
		{1D43F06E-DA19-49A4-9FA0-52830CE26FB5}.DU|x64.ActiveCfg = DU|x64
		{1D43F06E-DA19-49A4-9FA0-52830CE26FB5}.DU|x64.Build.0 = DU|x64
		{1D43F06E-DA19-49A4-9FA0-52830CE26FB5}.RA|Win32.ActiveCfg = RA|Win32
		{1D43F06E-DA19-49A4-9FA0-52830CE26FB5}.RA|Win32.Build.0 = RA|Win32
		{1D43F06E-DA19-49A4-9FA0-52830CE26FB5}.RA|x64.ActiveCfg = RA|x64
		{1D43F06E-DA19-49A4-9FA0-52830CE26FB5}.RA|x64.Build.0 = RA|x64
		{1D43F06E-DA19-49A4-9FA0-52830CE26FB5}.RU|Win32.ActiveCfg = RU|Win32
		{1D43F06E-DA19-49A4-9FA0-52830CE26FB5}.RU|Win32.Build.0 = RU|Win32
		{1D43F06E-DA19-49A4-9FA0-52830CE26FB5}.RU|x64.ActiveCfg = RU|x64
		{1D43F06E-DA19-49A4-9FA0-52830CE26FB5}.RU|x64.Build.0 = RU|x64
	EndGlobalSection
	GlobalSection(SolutionProperties) = preSolution
		HideSolutionNode = FALSE
	EndGlobalSection
EndGlobal
