Microsoft Visual Studio Solution File, Format Version 8.00
Project("{8BC9CEB8-8B4A-11D0-8D11-00A0C91BC942}") = "SolveEquationDllS", "SolveEquationDllS.vcproj", "{835848C3-E361-40F1-AEE9-EA6CF1B159ED}"
	ProjectSection(ProjectDependencies) = postProject
	EndProjectSection
EndProject
Global
	GlobalSection(SolutionConfiguration) = preSolution
		DA = DA
		DU = DU
		RA = RA
		RU = RU
	EndGlobalSection
	GlobalSection(ProjectConfiguration) = postSolution
		{835848C3-E361-40F1-AEE9-EA6CF1B159ED}.DA.ActiveCfg = DA|Win32
		{835848C3-E361-40F1-AEE9-EA6CF1B159ED}.DA.Build.0 = DA|Win32
		{835848C3-E361-40F1-AEE9-EA6CF1B159ED}.DU.ActiveCfg = DU|Win32
		{835848C3-E361-40F1-AEE9-EA6CF1B159ED}.DU.Build.0 = DU|Win32
		{835848C3-E361-40F1-AEE9-EA6CF1B159ED}.RA.ActiveCfg = RA|Win32
		{835848C3-E361-40F1-AEE9-EA6CF1B159ED}.RA.Build.0 = RA|Win32
		{835848C3-E361-40F1-AEE9-EA6CF1B159ED}.RU.ActiveCfg = RU|Win32
		{835848C3-E361-40F1-AEE9-EA6CF1B159ED}.RU.Build.0 = RU|Win32
	EndGlobalSection
	GlobalSection(ExtensibilityGlobals) = postSolution
	EndGlobalSection
	GlobalSection(ExtensibilityAddIns) = postSolution
	EndGlobalSection
EndGlobal
