Microsoft Visual Studio Solution File, Format Version 8.00
Project("{8BC9CEB8-8B4A-11D0-8D11-00A0C91BC942}") = "SolveEquation", "SolveEquation.vcproj", "{D9BED608-9CDD-4F59-8871-3E7DCA3ECDB8}"
	ProjectSection(ProjectDependencies) = postProject
	EndProjectSection
EndProject
Global
	GlobalSection(SolutionConfiguration) = preSolution
		DA = DA
		DU = DU
		RA = RA
		RU = RU
	EndGlobalSection
	GlobalSection(ProjectConfiguration) = postSolution
		{D9BED608-9CDD-4F59-8871-3E7DCA3ECDB8}.DA.ActiveCfg = DA|Win32
		{D9BED608-9CDD-4F59-8871-3E7DCA3ECDB8}.DA.Build.0 = DA|Win32
		{D9BED608-9CDD-4F59-8871-3E7DCA3ECDB8}.DU.ActiveCfg = DU|Win32
		{D9BED608-9CDD-4F59-8871-3E7DCA3ECDB8}.DU.Build.0 = DU|Win32
		{D9BED608-9CDD-4F59-8871-3E7DCA3ECDB8}.RA.ActiveCfg = RA|Win32
		{D9BED608-9CDD-4F59-8871-3E7DCA3ECDB8}.RA.Build.0 = RA|Win32
		{D9BED608-9CDD-4F59-8871-3E7DCA3ECDB8}.RU.ActiveCfg = RU|Win32
		{D9BED608-9CDD-4F59-8871-3E7DCA3ECDB8}.RU.Build.0 = RU|Win32
	EndGlobalSection
	GlobalSection(ExtensibilityGlobals) = postSolution
	EndGlobalSection
	GlobalSection(ExtensibilityAddIns) = postSolution
	EndGlobalSection
EndGlobal
