
Microsoft Visual Studio Solution File, Format Version 10.00
# Visual Studio 2008
Project("{8BC9CEB8-8B4A-11D0-8D11-00A0C91BC942}") = "DisableSxS", "DisableSxS.vcproj", "{149605A6-6ED5-4A0A-BE52-D0AC31B306C8}"
EndProject
Global
	GlobalSection(SolutionConfigurationPlatforms) = preSolution
		DA|Pocket PC 2003 (ARMV4) = DA|Pocket PC 2003 (ARMV4)
		DA|Smartphone 2003 (ARMV4) = DA|Smartphone 2003 (ARMV4)
		DA|STANDARDSDK_500 (ARMV4I) = DA|STANDARDSDK_500 (ARMV4I)
		DA|STANDARDSDK_500 (MIPSII) = DA|STANDARDSDK_500 (MIPSII)
		DA|STANDARDSDK_500 (MIPSII_FP) = DA|STANDARDSDK_500 (MIPSII_FP)
		DA|STANDARDSDK_500 (MIPSIV) = DA|STANDARDSDK_500 (MIPSIV)
		DA|STANDARDSDK_500 (MIPSIV_FP) = DA|STANDARDSDK_500 (MIPSIV_FP)
		DA|STANDARDSDK_500 (SH4) = DA|STANDARDSDK_500 (SH4)
		DA|STANDARDSDK_500 (x86) = DA|STANDARDSDK_500 (x86)
		DA|Win32 = DA|Win32
		DA|Windows Mobile 5.0 Pocket PC SDK (ARMV4I) = DA|Windows Mobile 5.0 Pocket PC SDK (ARMV4I)
		DA|Windows Mobile 5.0 Smartphone SDK (ARMV4I) = DA|Windows Mobile 5.0 Smartphone SDK (ARMV4I)
		DA|Windows Mobile 6 Professional SDK (ARMV4I) = DA|Windows Mobile 6 Professional SDK (ARMV4I)
		DA|Windows Mobile 6 Standard SDK (ARMV4I) = DA|Windows Mobile 6 Standard SDK (ARMV4I)
		DA|x64 = DA|x64
		DU|Pocket PC 2003 (ARMV4) = DU|Pocket PC 2003 (ARMV4)
		DU|Smartphone 2003 (ARMV4) = DU|Smartphone 2003 (ARMV4)
		DU|STANDARDSDK_500 (ARMV4I) = DU|STANDARDSDK_500 (ARMV4I)
		DU|STANDARDSDK_500 (MIPSII) = DU|STANDARDSDK_500 (MIPSII)
		DU|STANDARDSDK_500 (MIPSII_FP) = DU|STANDARDSDK_500 (MIPSII_FP)
		DU|STANDARDSDK_500 (MIPSIV) = DU|STANDARDSDK_500 (MIPSIV)
		DU|STANDARDSDK_500 (MIPSIV_FP) = DU|STANDARDSDK_500 (MIPSIV_FP)
		DU|STANDARDSDK_500 (SH4) = DU|STANDARDSDK_500 (SH4)
		DU|STANDARDSDK_500 (x86) = DU|STANDARDSDK_500 (x86)
		DU|Win32 = DU|Win32
		DU|Windows Mobile 5.0 Pocket PC SDK (ARMV4I) = DU|Windows Mobile 5.0 Pocket PC SDK (ARMV4I)
		DU|Windows Mobile 5.0 Smartphone SDK (ARMV4I) = DU|Windows Mobile 5.0 Smartphone SDK (ARMV4I)
		DU|Windows Mobile 6 Professional SDK (ARMV4I) = DU|Windows Mobile 6 Professional SDK (ARMV4I)
		DU|Windows Mobile 6 Standard SDK (ARMV4I) = DU|Windows Mobile 6 Standard SDK (ARMV4I)
		DU|x64 = DU|x64
		RA|Pocket PC 2003 (ARMV4) = RA|Pocket PC 2003 (ARMV4)
		RA|Smartphone 2003 (ARMV4) = RA|Smartphone 2003 (ARMV4)
		RA|STANDARDSDK_500 (ARMV4I) = RA|STANDARDSDK_500 (ARMV4I)
		RA|STANDARDSDK_500 (MIPSII) = RA|STANDARDSDK_500 (MIPSII)
		RA|STANDARDSDK_500 (MIPSII_FP) = RA|STANDARDSDK_500 (MIPSII_FP)
		RA|STANDARDSDK_500 (MIPSIV) = RA|STANDARDSDK_500 (MIPSIV)
		RA|STANDARDSDK_500 (MIPSIV_FP) = RA|STANDARDSDK_500 (MIPSIV_FP)
		RA|STANDARDSDK_500 (SH4) = RA|STANDARDSDK_500 (SH4)
		RA|STANDARDSDK_500 (x86) = RA|STANDARDSDK_500 (x86)
		RA|Win32 = RA|Win32
		RA|Windows Mobile 5.0 Pocket PC SDK (ARMV4I) = RA|Windows Mobile 5.0 Pocket PC SDK (ARMV4I)
		RA|Windows Mobile 5.0 Smartphone SDK (ARMV4I) = RA|Windows Mobile 5.0 Smartphone SDK (ARMV4I)
		RA|Windows Mobile 6 Professional SDK (ARMV4I) = RA|Windows Mobile 6 Professional SDK (ARMV4I)
		RA|Windows Mobile 6 Standard SDK (ARMV4I) = RA|Windows Mobile 6 Standard SDK (ARMV4I)
		RA|x64 = RA|x64
		RU|Pocket PC 2003 (ARMV4) = RU|Pocket PC 2003 (ARMV4)
		RU|Smartphone 2003 (ARMV4) = RU|Smartphone 2003 (ARMV4)
		RU|STANDARDSDK_500 (ARMV4I) = RU|STANDARDSDK_500 (ARMV4I)
		RU|STANDARDSDK_500 (MIPSII) = RU|STANDARDSDK_500 (MIPSII)
		RU|STANDARDSDK_500 (MIPSII_FP) = RU|STANDARDSDK_500 (MIPSII_FP)
		RU|STANDARDSDK_500 (MIPSIV) = RU|STANDARDSDK_500 (MIPSIV)
		RU|STANDARDSDK_500 (MIPSIV_FP) = RU|STANDARDSDK_500 (MIPSIV_FP)
		RU|STANDARDSDK_500 (SH4) = RU|STANDARDSDK_500 (SH4)
		RU|STANDARDSDK_500 (x86) = RU|STANDARDSDK_500 (x86)
		RU|Win32 = RU|Win32
		RU|Windows Mobile 5.0 Pocket PC SDK (ARMV4I) = RU|Windows Mobile 5.0 Pocket PC SDK (ARMV4I)
		RU|Windows Mobile 5.0 Smartphone SDK (ARMV4I) = RU|Windows Mobile 5.0 Smartphone SDK (ARMV4I)
		RU|Windows Mobile 6 Professional SDK (ARMV4I) = RU|Windows Mobile 6 Professional SDK (ARMV4I)
		RU|Windows Mobile 6 Standard SDK (ARMV4I) = RU|Windows Mobile 6 Standard SDK (ARMV4I)
		RU|x64 = RU|x64
	EndGlobalSection
	GlobalSection(ProjectConfigurationPlatforms) = postSolution
		{149605A6-6ED5-4A0A-BE52-D0AC31B306C8}.DA|Pocket PC 2003 (ARMV4).ActiveCfg = DA|Pocket PC 2003 (ARMV4)
		{149605A6-6ED5-4A0A-BE52-D0AC31B306C8}.DA|Pocket PC 2003 (ARMV4).Build.0 = DA|Pocket PC 2003 (ARMV4)
		{149605A6-6ED5-4A0A-BE52-D0AC31B306C8}.DA|Pocket PC 2003 (ARMV4).Deploy.0 = DA|Pocket PC 2003 (ARMV4)
		{149605A6-6ED5-4A0A-BE52-D0AC31B306C8}.DA|Smartphone 2003 (ARMV4).ActiveCfg = DA|Smartphone 2003 (ARMV4)
		{149605A6-6ED5-4A0A-BE52-D0AC31B306C8}.DA|Smartphone 2003 (ARMV4).Build.0 = DA|Smartphone 2003 (ARMV4)
		{149605A6-6ED5-4A0A-BE52-D0AC31B306C8}.DA|Smartphone 2003 (ARMV4).Deploy.0 = DA|Smartphone 2003 (ARMV4)
		{149605A6-6ED5-4A0A-BE52-D0AC31B306C8}.DA|STANDARDSDK_500 (ARMV4I).ActiveCfg = DA|STANDARDSDK_500 (ARMV4I)
		{149605A6-6ED5-4A0A-BE52-D0AC31B306C8}.DA|STANDARDSDK_500 (ARMV4I).Build.0 = DA|STANDARDSDK_500 (ARMV4I)
		{149605A6-6ED5-4A0A-BE52-D0AC31B306C8}.DA|STANDARDSDK_500 (ARMV4I).Deploy.0 = DA|STANDARDSDK_500 (ARMV4I)
		{149605A6-6ED5-4A0A-BE52-D0AC31B306C8}.DA|STANDARDSDK_500 (MIPSII).ActiveCfg = DA|STANDARDSDK_500 (MIPSII)
		{149605A6-6ED5-4A0A-BE52-D0AC31B306C8}.DA|STANDARDSDK_500 (MIPSII).Build.0 = DA|STANDARDSDK_500 (MIPSII)
		{149605A6-6ED5-4A0A-BE52-D0AC31B306C8}.DA|STANDARDSDK_500 (MIPSII).Deploy.0 = DA|STANDARDSDK_500 (MIPSII)
		{149605A6-6ED5-4A0A-BE52-D0AC31B306C8}.DA|STANDARDSDK_500 (MIPSII_FP).ActiveCfg = DA|STANDARDSDK_500 (MIPSII_FP)
		{149605A6-6ED5-4A0A-BE52-D0AC31B306C8}.DA|STANDARDSDK_500 (MIPSII_FP).Build.0 = DA|STANDARDSDK_500 (MIPSII_FP)
		{149605A6-6ED5-4A0A-BE52-D0AC31B306C8}.DA|STANDARDSDK_500 (MIPSII_FP).Deploy.0 = DA|STANDARDSDK_500 (MIPSII_FP)
		{149605A6-6ED5-4A0A-BE52-D0AC31B306C8}.DA|STANDARDSDK_500 (MIPSIV).ActiveCfg = DA|STANDARDSDK_500 (MIPSIV)
		{149605A6-6ED5-4A0A-BE52-D0AC31B306C8}.DA|STANDARDSDK_500 (MIPSIV).Build.0 = DA|STANDARDSDK_500 (MIPSIV)
		{149605A6-6ED5-4A0A-BE52-D0AC31B306C8}.DA|STANDARDSDK_500 (MIPSIV).Deploy.0 = DA|STANDARDSDK_500 (MIPSIV)
		{149605A6-6ED5-4A0A-BE52-D0AC31B306C8}.DA|STANDARDSDK_500 (MIPSIV_FP).ActiveCfg = DA|STANDARDSDK_500 (MIPSIV_FP)
		{149605A6-6ED5-4A0A-BE52-D0AC31B306C8}.DA|STANDARDSDK_500 (MIPSIV_FP).Build.0 = DA|STANDARDSDK_500 (MIPSIV_FP)
		{149605A6-6ED5-4A0A-BE52-D0AC31B306C8}.DA|STANDARDSDK_500 (MIPSIV_FP).Deploy.0 = DA|STANDARDSDK_500 (MIPSIV_FP)
		{149605A6-6ED5-4A0A-BE52-D0AC31B306C8}.DA|STANDARDSDK_500 (SH4).ActiveCfg = DA|STANDARDSDK_500 (SH4)
		{149605A6-6ED5-4A0A-BE52-D0AC31B306C8}.DA|STANDARDSDK_500 (SH4).Build.0 = DA|STANDARDSDK_500 (SH4)
		{149605A6-6ED5-4A0A-BE52-D0AC31B306C8}.DA|STANDARDSDK_500 (SH4).Deploy.0 = DA|STANDARDSDK_500 (SH4)
		{149605A6-6ED5-4A0A-BE52-D0AC31B306C8}.DA|STANDARDSDK_500 (x86).ActiveCfg = DA|STANDARDSDK_500 (x86)
		{149605A6-6ED5-4A0A-BE52-D0AC31B306C8}.DA|STANDARDSDK_500 (x86).Build.0 = DA|STANDARDSDK_500 (x86)
		{149605A6-6ED5-4A0A-BE52-D0AC31B306C8}.DA|STANDARDSDK_500 (x86).Deploy.0 = DA|STANDARDSDK_500 (x86)
		{149605A6-6ED5-4A0A-BE52-D0AC31B306C8}.DA|Win32.ActiveCfg = DA|Win32
		{149605A6-6ED5-4A0A-BE52-D0AC31B306C8}.DA|Win32.Build.0 = DA|Win32
		{149605A6-6ED5-4A0A-BE52-D0AC31B306C8}.DA|Windows Mobile 5.0 Pocket PC SDK (ARMV4I).ActiveCfg = DA|Windows Mobile 5.0 Pocket PC SDK (ARMV4I)
		{149605A6-6ED5-4A0A-BE52-D0AC31B306C8}.DA|Windows Mobile 5.0 Pocket PC SDK (ARMV4I).Build.0 = DA|Windows Mobile 5.0 Pocket PC SDK (ARMV4I)
		{149605A6-6ED5-4A0A-BE52-D0AC31B306C8}.DA|Windows Mobile 5.0 Pocket PC SDK (ARMV4I).Deploy.0 = DA|Windows Mobile 5.0 Pocket PC SDK (ARMV4I)
		{149605A6-6ED5-4A0A-BE52-D0AC31B306C8}.DA|Windows Mobile 5.0 Smartphone SDK (ARMV4I).ActiveCfg = DA|Windows Mobile 5.0 Smartphone SDK (ARMV4I)
		{149605A6-6ED5-4A0A-BE52-D0AC31B306C8}.DA|Windows Mobile 5.0 Smartphone SDK (ARMV4I).Build.0 = DA|Windows Mobile 5.0 Smartphone SDK (ARMV4I)
		{149605A6-6ED5-4A0A-BE52-D0AC31B306C8}.DA|Windows Mobile 5.0 Smartphone SDK (ARMV4I).Deploy.0 = DA|Windows Mobile 5.0 Smartphone SDK (ARMV4I)
		{149605A6-6ED5-4A0A-BE52-D0AC31B306C8}.DA|Windows Mobile 6 Professional SDK (ARMV4I).ActiveCfg = DA|Windows Mobile 6 Professional SDK (ARMV4I)
		{149605A6-6ED5-4A0A-BE52-D0AC31B306C8}.DA|Windows Mobile 6 Professional SDK (ARMV4I).Build.0 = DA|Windows Mobile 6 Professional SDK (ARMV4I)
		{149605A6-6ED5-4A0A-BE52-D0AC31B306C8}.DA|Windows Mobile 6 Professional SDK (ARMV4I).Deploy.0 = DA|Windows Mobile 6 Professional SDK (ARMV4I)
		{149605A6-6ED5-4A0A-BE52-D0AC31B306C8}.DA|Windows Mobile 6 Standard SDK (ARMV4I).ActiveCfg = DA|Windows Mobile 6 Standard SDK (ARMV4I)
		{149605A6-6ED5-4A0A-BE52-D0AC31B306C8}.DA|Windows Mobile 6 Standard SDK (ARMV4I).Build.0 = DA|Windows Mobile 6 Standard SDK (ARMV4I)
		{149605A6-6ED5-4A0A-BE52-D0AC31B306C8}.DA|Windows Mobile 6 Standard SDK (ARMV4I).Deploy.0 = DA|Windows Mobile 6 Standard SDK (ARMV4I)
		{149605A6-6ED5-4A0A-BE52-D0AC31B306C8}.DA|x64.ActiveCfg = DA|x64
		{149605A6-6ED5-4A0A-BE52-D0AC31B306C8}.DA|x64.Build.0 = DA|x64
		{149605A6-6ED5-4A0A-BE52-D0AC31B306C8}.DU|Pocket PC 2003 (ARMV4).ActiveCfg = DU|Pocket PC 2003 (ARMV4)
		{149605A6-6ED5-4A0A-BE52-D0AC31B306C8}.DU|Pocket PC 2003 (ARMV4).Build.0 = DU|Pocket PC 2003 (ARMV4)
		{149605A6-6ED5-4A0A-BE52-D0AC31B306C8}.DU|Pocket PC 2003 (ARMV4).Deploy.0 = DU|Pocket PC 2003 (ARMV4)
		{149605A6-6ED5-4A0A-BE52-D0AC31B306C8}.DU|Smartphone 2003 (ARMV4).ActiveCfg = DU|Smartphone 2003 (ARMV4)
		{149605A6-6ED5-4A0A-BE52-D0AC31B306C8}.DU|Smartphone 2003 (ARMV4).Build.0 = DU|Smartphone 2003 (ARMV4)
		{149605A6-6ED5-4A0A-BE52-D0AC31B306C8}.DU|Smartphone 2003 (ARMV4).Deploy.0 = DU|Smartphone 2003 (ARMV4)
		{149605A6-6ED5-4A0A-BE52-D0AC31B306C8}.DU|STANDARDSDK_500 (ARMV4I).ActiveCfg = DU|STANDARDSDK_500 (ARMV4I)
		{149605A6-6ED5-4A0A-BE52-D0AC31B306C8}.DU|STANDARDSDK_500 (ARMV4I).Build.0 = DU|STANDARDSDK_500 (ARMV4I)
		{149605A6-6ED5-4A0A-BE52-D0AC31B306C8}.DU|STANDARDSDK_500 (ARMV4I).Deploy.0 = DU|STANDARDSDK_500 (ARMV4I)
		{149605A6-6ED5-4A0A-BE52-D0AC31B306C8}.DU|STANDARDSDK_500 (MIPSII).ActiveCfg = DU|STANDARDSDK_500 (MIPSII)
		{149605A6-6ED5-4A0A-BE52-D0AC31B306C8}.DU|STANDARDSDK_500 (MIPSII).Build.0 = DU|STANDARDSDK_500 (MIPSII)
		{149605A6-6ED5-4A0A-BE52-D0AC31B306C8}.DU|STANDARDSDK_500 (MIPSII).Deploy.0 = DU|STANDARDSDK_500 (MIPSII)
		{149605A6-6ED5-4A0A-BE52-D0AC31B306C8}.DU|STANDARDSDK_500 (MIPSII_FP).ActiveCfg = DU|STANDARDSDK_500 (MIPSII_FP)
		{149605A6-6ED5-4A0A-BE52-D0AC31B306C8}.DU|STANDARDSDK_500 (MIPSII_FP).Build.0 = DU|STANDARDSDK_500 (MIPSII_FP)
		{149605A6-6ED5-4A0A-BE52-D0AC31B306C8}.DU|STANDARDSDK_500 (MIPSII_FP).Deploy.0 = DU|STANDARDSDK_500 (MIPSII_FP)
		{149605A6-6ED5-4A0A-BE52-D0AC31B306C8}.DU|STANDARDSDK_500 (MIPSIV).ActiveCfg = DU|STANDARDSDK_500 (MIPSIV)
		{149605A6-6ED5-4A0A-BE52-D0AC31B306C8}.DU|STANDARDSDK_500 (MIPSIV).Build.0 = DU|STANDARDSDK_500 (MIPSIV)
		{149605A6-6ED5-4A0A-BE52-D0AC31B306C8}.DU|STANDARDSDK_500 (MIPSIV).Deploy.0 = DU|STANDARDSDK_500 (MIPSIV)
		{149605A6-6ED5-4A0A-BE52-D0AC31B306C8}.DU|STANDARDSDK_500 (MIPSIV_FP).ActiveCfg = DU|STANDARDSDK_500 (MIPSIV_FP)
		{149605A6-6ED5-4A0A-BE52-D0AC31B306C8}.DU|STANDARDSDK_500 (MIPSIV_FP).Build.0 = DU|STANDARDSDK_500 (MIPSIV_FP)
		{149605A6-6ED5-4A0A-BE52-D0AC31B306C8}.DU|STANDARDSDK_500 (MIPSIV_FP).Deploy.0 = DU|STANDARDSDK_500 (MIPSIV_FP)
		{149605A6-6ED5-4A0A-BE52-D0AC31B306C8}.DU|STANDARDSDK_500 (SH4).ActiveCfg = DU|STANDARDSDK_500 (SH4)
		{149605A6-6ED5-4A0A-BE52-D0AC31B306C8}.DU|STANDARDSDK_500 (SH4).Build.0 = DU|STANDARDSDK_500 (SH4)
		{149605A6-6ED5-4A0A-BE52-D0AC31B306C8}.DU|STANDARDSDK_500 (SH4).Deploy.0 = DU|STANDARDSDK_500 (SH4)
		{149605A6-6ED5-4A0A-BE52-D0AC31B306C8}.DU|STANDARDSDK_500 (x86).ActiveCfg = DU|STANDARDSDK_500 (x86)
		{149605A6-6ED5-4A0A-BE52-D0AC31B306C8}.DU|STANDARDSDK_500 (x86).Build.0 = DU|STANDARDSDK_500 (x86)
		{149605A6-6ED5-4A0A-BE52-D0AC31B306C8}.DU|STANDARDSDK_500 (x86).Deploy.0 = DU|STANDARDSDK_500 (x86)
		{149605A6-6ED5-4A0A-BE52-D0AC31B306C8}.DU|Win32.ActiveCfg = DU|Win32
		{149605A6-6ED5-4A0A-BE52-D0AC31B306C8}.DU|Win32.Build.0 = DU|Win32
		{149605A6-6ED5-4A0A-BE52-D0AC31B306C8}.DU|Windows Mobile 5.0 Pocket PC SDK (ARMV4I).ActiveCfg = DU|Windows Mobile 5.0 Pocket PC SDK (ARMV4I)
		{149605A6-6ED5-4A0A-BE52-D0AC31B306C8}.DU|Windows Mobile 5.0 Pocket PC SDK (ARMV4I).Build.0 = DU|Windows Mobile 5.0 Pocket PC SDK (ARMV4I)
		{149605A6-6ED5-4A0A-BE52-D0AC31B306C8}.DU|Windows Mobile 5.0 Pocket PC SDK (ARMV4I).Deploy.0 = DU|Windows Mobile 5.0 Pocket PC SDK (ARMV4I)
		{149605A6-6ED5-4A0A-BE52-D0AC31B306C8}.DU|Windows Mobile 5.0 Smartphone SDK (ARMV4I).ActiveCfg = DU|Windows Mobile 5.0 Smartphone SDK (ARMV4I)
		{149605A6-6ED5-4A0A-BE52-D0AC31B306C8}.DU|Windows Mobile 5.0 Smartphone SDK (ARMV4I).Build.0 = DU|Windows Mobile 5.0 Smartphone SDK (ARMV4I)
		{149605A6-6ED5-4A0A-BE52-D0AC31B306C8}.DU|Windows Mobile 5.0 Smartphone SDK (ARMV4I).Deploy.0 = DU|Windows Mobile 5.0 Smartphone SDK (ARMV4I)
		{149605A6-6ED5-4A0A-BE52-D0AC31B306C8}.DU|Windows Mobile 6 Professional SDK (ARMV4I).ActiveCfg = DU|Windows Mobile 6 Professional SDK (ARMV4I)
		{149605A6-6ED5-4A0A-BE52-D0AC31B306C8}.DU|Windows Mobile 6 Professional SDK (ARMV4I).Build.0 = DU|Windows Mobile 6 Professional SDK (ARMV4I)
		{149605A6-6ED5-4A0A-BE52-D0AC31B306C8}.DU|Windows Mobile 6 Professional SDK (ARMV4I).Deploy.0 = DU|Windows Mobile 6 Professional SDK (ARMV4I)
		{149605A6-6ED5-4A0A-BE52-D0AC31B306C8}.DU|Windows Mobile 6 Standard SDK (ARMV4I).ActiveCfg = DU|Windows Mobile 6 Standard SDK (ARMV4I)
		{149605A6-6ED5-4A0A-BE52-D0AC31B306C8}.DU|Windows Mobile 6 Standard SDK (ARMV4I).Build.0 = DU|Windows Mobile 6 Standard SDK (ARMV4I)
		{149605A6-6ED5-4A0A-BE52-D0AC31B306C8}.DU|Windows Mobile 6 Standard SDK (ARMV4I).Deploy.0 = DU|Windows Mobile 6 Standard SDK (ARMV4I)
		{149605A6-6ED5-4A0A-BE52-D0AC31B306C8}.DU|x64.ActiveCfg = DU|x64
		{149605A6-6ED5-4A0A-BE52-D0AC31B306C8}.DU|x64.Build.0 = DU|x64
		{149605A6-6ED5-4A0A-BE52-D0AC31B306C8}.RA|Pocket PC 2003 (ARMV4).ActiveCfg = RA|Pocket PC 2003 (ARMV4)
		{149605A6-6ED5-4A0A-BE52-D0AC31B306C8}.RA|Pocket PC 2003 (ARMV4).Build.0 = RA|Pocket PC 2003 (ARMV4)
		{149605A6-6ED5-4A0A-BE52-D0AC31B306C8}.RA|Pocket PC 2003 (ARMV4).Deploy.0 = RA|Pocket PC 2003 (ARMV4)
		{149605A6-6ED5-4A0A-BE52-D0AC31B306C8}.RA|Smartphone 2003 (ARMV4).ActiveCfg = RA|Smartphone 2003 (ARMV4)
		{149605A6-6ED5-4A0A-BE52-D0AC31B306C8}.RA|Smartphone 2003 (ARMV4).Build.0 = RA|Smartphone 2003 (ARMV4)
		{149605A6-6ED5-4A0A-BE52-D0AC31B306C8}.RA|Smartphone 2003 (ARMV4).Deploy.0 = RA|Smartphone 2003 (ARMV4)
		{149605A6-6ED5-4A0A-BE52-D0AC31B306C8}.RA|STANDARDSDK_500 (ARMV4I).ActiveCfg = RA|STANDARDSDK_500 (ARMV4I)
		{149605A6-6ED5-4A0A-BE52-D0AC31B306C8}.RA|STANDARDSDK_500 (ARMV4I).Build.0 = RA|STANDARDSDK_500 (ARMV4I)
		{149605A6-6ED5-4A0A-BE52-D0AC31B306C8}.RA|STANDARDSDK_500 (ARMV4I).Deploy.0 = RA|STANDARDSDK_500 (ARMV4I)
		{149605A6-6ED5-4A0A-BE52-D0AC31B306C8}.RA|STANDARDSDK_500 (MIPSII).ActiveCfg = RA|STANDARDSDK_500 (MIPSII)
		{149605A6-6ED5-4A0A-BE52-D0AC31B306C8}.RA|STANDARDSDK_500 (MIPSII).Build.0 = RA|STANDARDSDK_500 (MIPSII)
		{149605A6-6ED5-4A0A-BE52-D0AC31B306C8}.RA|STANDARDSDK_500 (MIPSII).Deploy.0 = RA|STANDARDSDK_500 (MIPSII)
		{149605A6-6ED5-4A0A-BE52-D0AC31B306C8}.RA|STANDARDSDK_500 (MIPSII_FP).ActiveCfg = RA|STANDARDSDK_500 (MIPSII_FP)
		{149605A6-6ED5-4A0A-BE52-D0AC31B306C8}.RA|STANDARDSDK_500 (MIPSII_FP).Build.0 = RA|STANDARDSDK_500 (MIPSII_FP)
		{149605A6-6ED5-4A0A-BE52-D0AC31B306C8}.RA|STANDARDSDK_500 (MIPSII_FP).Deploy.0 = RA|STANDARDSDK_500 (MIPSII_FP)
		{149605A6-6ED5-4A0A-BE52-D0AC31B306C8}.RA|STANDARDSDK_500 (MIPSIV).ActiveCfg = RA|STANDARDSDK_500 (MIPSIV)
		{149605A6-6ED5-4A0A-BE52-D0AC31B306C8}.RA|STANDARDSDK_500 (MIPSIV).Build.0 = RA|STANDARDSDK_500 (MIPSIV)
		{149605A6-6ED5-4A0A-BE52-D0AC31B306C8}.RA|STANDARDSDK_500 (MIPSIV).Deploy.0 = RA|STANDARDSDK_500 (MIPSIV)
		{149605A6-6ED5-4A0A-BE52-D0AC31B306C8}.RA|STANDARDSDK_500 (MIPSIV_FP).ActiveCfg = RA|STANDARDSDK_500 (MIPSIV_FP)
		{149605A6-6ED5-4A0A-BE52-D0AC31B306C8}.RA|STANDARDSDK_500 (MIPSIV_FP).Build.0 = RA|STANDARDSDK_500 (MIPSIV_FP)
		{149605A6-6ED5-4A0A-BE52-D0AC31B306C8}.RA|STANDARDSDK_500 (MIPSIV_FP).Deploy.0 = RA|STANDARDSDK_500 (MIPSIV_FP)
		{149605A6-6ED5-4A0A-BE52-D0AC31B306C8}.RA|STANDARDSDK_500 (SH4).ActiveCfg = RA|STANDARDSDK_500 (SH4)
		{149605A6-6ED5-4A0A-BE52-D0AC31B306C8}.RA|STANDARDSDK_500 (SH4).Build.0 = RA|STANDARDSDK_500 (SH4)
		{149605A6-6ED5-4A0A-BE52-D0AC31B306C8}.RA|STANDARDSDK_500 (SH4).Deploy.0 = RA|STANDARDSDK_500 (SH4)
		{149605A6-6ED5-4A0A-BE52-D0AC31B306C8}.RA|STANDARDSDK_500 (x86).ActiveCfg = RA|STANDARDSDK_500 (x86)
		{149605A6-6ED5-4A0A-BE52-D0AC31B306C8}.RA|STANDARDSDK_500 (x86).Build.0 = RA|STANDARDSDK_500 (x86)
		{149605A6-6ED5-4A0A-BE52-D0AC31B306C8}.RA|STANDARDSDK_500 (x86).Deploy.0 = RA|STANDARDSDK_500 (x86)
		{149605A6-6ED5-4A0A-BE52-D0AC31B306C8}.RA|Win32.ActiveCfg = RA|Win32
		{149605A6-6ED5-4A0A-BE52-D0AC31B306C8}.RA|Win32.Build.0 = RA|Win32
		{149605A6-6ED5-4A0A-BE52-D0AC31B306C8}.RA|Windows Mobile 5.0 Pocket PC SDK (ARMV4I).ActiveCfg = RA|Windows Mobile 5.0 Pocket PC SDK (ARMV4I)
		{149605A6-6ED5-4A0A-BE52-D0AC31B306C8}.RA|Windows Mobile 5.0 Pocket PC SDK (ARMV4I).Build.0 = RA|Windows Mobile 5.0 Pocket PC SDK (ARMV4I)
		{149605A6-6ED5-4A0A-BE52-D0AC31B306C8}.RA|Windows Mobile 5.0 Pocket PC SDK (ARMV4I).Deploy.0 = RA|Windows Mobile 5.0 Pocket PC SDK (ARMV4I)
		{149605A6-6ED5-4A0A-BE52-D0AC31B306C8}.RA|Windows Mobile 5.0 Smartphone SDK (ARMV4I).ActiveCfg = RA|Windows Mobile 5.0 Smartphone SDK (ARMV4I)
		{149605A6-6ED5-4A0A-BE52-D0AC31B306C8}.RA|Windows Mobile 5.0 Smartphone SDK (ARMV4I).Build.0 = RA|Windows Mobile 5.0 Smartphone SDK (ARMV4I)
		{149605A6-6ED5-4A0A-BE52-D0AC31B306C8}.RA|Windows Mobile 5.0 Smartphone SDK (ARMV4I).Deploy.0 = RA|Windows Mobile 5.0 Smartphone SDK (ARMV4I)
		{149605A6-6ED5-4A0A-BE52-D0AC31B306C8}.RA|Windows Mobile 6 Professional SDK (ARMV4I).ActiveCfg = RA|Windows Mobile 6 Professional SDK (ARMV4I)
		{149605A6-6ED5-4A0A-BE52-D0AC31B306C8}.RA|Windows Mobile 6 Professional SDK (ARMV4I).Build.0 = RA|Windows Mobile 6 Professional SDK (ARMV4I)
		{149605A6-6ED5-4A0A-BE52-D0AC31B306C8}.RA|Windows Mobile 6 Professional SDK (ARMV4I).Deploy.0 = RA|Windows Mobile 6 Professional SDK (ARMV4I)
		{149605A6-6ED5-4A0A-BE52-D0AC31B306C8}.RA|Windows Mobile 6 Standard SDK (ARMV4I).ActiveCfg = RA|Windows Mobile 6 Standard SDK (ARMV4I)
		{149605A6-6ED5-4A0A-BE52-D0AC31B306C8}.RA|Windows Mobile 6 Standard SDK (ARMV4I).Build.0 = RA|Windows Mobile 6 Standard SDK (ARMV4I)
		{149605A6-6ED5-4A0A-BE52-D0AC31B306C8}.RA|Windows Mobile 6 Standard SDK (ARMV4I).Deploy.0 = RA|Windows Mobile 6 Standard SDK (ARMV4I)
		{149605A6-6ED5-4A0A-BE52-D0AC31B306C8}.RA|x64.ActiveCfg = RA|x64
		{149605A6-6ED5-4A0A-BE52-D0AC31B306C8}.RA|x64.Build.0 = RA|x64
		{149605A6-6ED5-4A0A-BE52-D0AC31B306C8}.RU|Pocket PC 2003 (ARMV4).ActiveCfg = RU|Pocket PC 2003 (ARMV4)
		{149605A6-6ED5-4A0A-BE52-D0AC31B306C8}.RU|Pocket PC 2003 (ARMV4).Build.0 = RU|Pocket PC 2003 (ARMV4)
		{149605A6-6ED5-4A0A-BE52-D0AC31B306C8}.RU|Pocket PC 2003 (ARMV4).Deploy.0 = RU|Pocket PC 2003 (ARMV4)
		{149605A6-6ED5-4A0A-BE52-D0AC31B306C8}.RU|Smartphone 2003 (ARMV4).ActiveCfg = RU|Smartphone 2003 (ARMV4)
		{149605A6-6ED5-4A0A-BE52-D0AC31B306C8}.RU|Smartphone 2003 (ARMV4).Build.0 = RU|Smartphone 2003 (ARMV4)
		{149605A6-6ED5-4A0A-BE52-D0AC31B306C8}.RU|Smartphone 2003 (ARMV4).Deploy.0 = RU|Smartphone 2003 (ARMV4)
		{149605A6-6ED5-4A0A-BE52-D0AC31B306C8}.RU|STANDARDSDK_500 (ARMV4I).ActiveCfg = RU|STANDARDSDK_500 (ARMV4I)
		{149605A6-6ED5-4A0A-BE52-D0AC31B306C8}.RU|STANDARDSDK_500 (ARMV4I).Build.0 = RU|STANDARDSDK_500 (ARMV4I)
		{149605A6-6ED5-4A0A-BE52-D0AC31B306C8}.RU|STANDARDSDK_500 (ARMV4I).Deploy.0 = RU|STANDARDSDK_500 (ARMV4I)
		{149605A6-6ED5-4A0A-BE52-D0AC31B306C8}.RU|STANDARDSDK_500 (MIPSII).ActiveCfg = RU|STANDARDSDK_500 (MIPSII)
		{149605A6-6ED5-4A0A-BE52-D0AC31B306C8}.RU|STANDARDSDK_500 (MIPSII).Build.0 = RU|STANDARDSDK_500 (MIPSII)
		{149605A6-6ED5-4A0A-BE52-D0AC31B306C8}.RU|STANDARDSDK_500 (MIPSII).Deploy.0 = RU|STANDARDSDK_500 (MIPSII)
		{149605A6-6ED5-4A0A-BE52-D0AC31B306C8}.RU|STANDARDSDK_500 (MIPSII_FP).ActiveCfg = RU|STANDARDSDK_500 (MIPSII_FP)
		{149605A6-6ED5-4A0A-BE52-D0AC31B306C8}.RU|STANDARDSDK_500 (MIPSII_FP).Build.0 = RU|STANDARDSDK_500 (MIPSII_FP)
		{149605A6-6ED5-4A0A-BE52-D0AC31B306C8}.RU|STANDARDSDK_500 (MIPSII_FP).Deploy.0 = RU|STANDARDSDK_500 (MIPSII_FP)
		{149605A6-6ED5-4A0A-BE52-D0AC31B306C8}.RU|STANDARDSDK_500 (MIPSIV).ActiveCfg = RU|STANDARDSDK_500 (MIPSIV)
		{149605A6-6ED5-4A0A-BE52-D0AC31B306C8}.RU|STANDARDSDK_500 (MIPSIV).Build.0 = RU|STANDARDSDK_500 (MIPSIV)
		{149605A6-6ED5-4A0A-BE52-D0AC31B306C8}.RU|STANDARDSDK_500 (MIPSIV).Deploy.0 = RU|STANDARDSDK_500 (MIPSIV)
		{149605A6-6ED5-4A0A-BE52-D0AC31B306C8}.RU|STANDARDSDK_500 (MIPSIV_FP).ActiveCfg = RU|STANDARDSDK_500 (MIPSIV_FP)
		{149605A6-6ED5-4A0A-BE52-D0AC31B306C8}.RU|STANDARDSDK_500 (MIPSIV_FP).Build.0 = RU|STANDARDSDK_500 (MIPSIV_FP)
		{149605A6-6ED5-4A0A-BE52-D0AC31B306C8}.RU|STANDARDSDK_500 (MIPSIV_FP).Deploy.0 = RU|STANDARDSDK_500 (MIPSIV_FP)
		{149605A6-6ED5-4A0A-BE52-D0AC31B306C8}.RU|STANDARDSDK_500 (SH4).ActiveCfg = RU|STANDARDSDK_500 (SH4)
		{149605A6-6ED5-4A0A-BE52-D0AC31B306C8}.RU|STANDARDSDK_500 (SH4).Build.0 = RU|STANDARDSDK_500 (SH4)
		{149605A6-6ED5-4A0A-BE52-D0AC31B306C8}.RU|STANDARDSDK_500 (SH4).Deploy.0 = RU|STANDARDSDK_500 (SH4)
		{149605A6-6ED5-4A0A-BE52-D0AC31B306C8}.RU|STANDARDSDK_500 (x86).ActiveCfg = RU|STANDARDSDK_500 (x86)
		{149605A6-6ED5-4A0A-BE52-D0AC31B306C8}.RU|STANDARDSDK_500 (x86).Build.0 = RU|STANDARDSDK_500 (x86)
		{149605A6-6ED5-4A0A-BE52-D0AC31B306C8}.RU|STANDARDSDK_500 (x86).Deploy.0 = RU|STANDARDSDK_500 (x86)
		{149605A6-6ED5-4A0A-BE52-D0AC31B306C8}.RU|Win32.ActiveCfg = RU|Win32
		{149605A6-6ED5-4A0A-BE52-D0AC31B306C8}.RU|Win32.Build.0 = RU|Win32
		{149605A6-6ED5-4A0A-BE52-D0AC31B306C8}.RU|Windows Mobile 5.0 Pocket PC SDK (ARMV4I).ActiveCfg = RU|Windows Mobile 5.0 Pocket PC SDK (ARMV4I)
		{149605A6-6ED5-4A0A-BE52-D0AC31B306C8}.RU|Windows Mobile 5.0 Pocket PC SDK (ARMV4I).Build.0 = RU|Windows Mobile 5.0 Pocket PC SDK (ARMV4I)
		{149605A6-6ED5-4A0A-BE52-D0AC31B306C8}.RU|Windows Mobile 5.0 Pocket PC SDK (ARMV4I).Deploy.0 = RU|Windows Mobile 5.0 Pocket PC SDK (ARMV4I)
		{149605A6-6ED5-4A0A-BE52-D0AC31B306C8}.RU|Windows Mobile 5.0 Smartphone SDK (ARMV4I).ActiveCfg = RU|Windows Mobile 5.0 Smartphone SDK (ARMV4I)
		{149605A6-6ED5-4A0A-BE52-D0AC31B306C8}.RU|Windows Mobile 5.0 Smartphone SDK (ARMV4I).Build.0 = RU|Windows Mobile 5.0 Smartphone SDK (ARMV4I)
		{149605A6-6ED5-4A0A-BE52-D0AC31B306C8}.RU|Windows Mobile 5.0 Smartphone SDK (ARMV4I).Deploy.0 = RU|Windows Mobile 5.0 Smartphone SDK (ARMV4I)
		{149605A6-6ED5-4A0A-BE52-D0AC31B306C8}.RU|Windows Mobile 6 Professional SDK (ARMV4I).ActiveCfg = RU|Windows Mobile 6 Professional SDK (ARMV4I)
		{149605A6-6ED5-4A0A-BE52-D0AC31B306C8}.RU|Windows Mobile 6 Professional SDK (ARMV4I).Build.0 = RU|Windows Mobile 6 Professional SDK (ARMV4I)
		{149605A6-6ED5-4A0A-BE52-D0AC31B306C8}.RU|Windows Mobile 6 Professional SDK (ARMV4I).Deploy.0 = RU|Windows Mobile 6 Professional SDK (ARMV4I)
		{149605A6-6ED5-4A0A-BE52-D0AC31B306C8}.RU|Windows Mobile 6 Standard SDK (ARMV4I).ActiveCfg = RU|Windows Mobile 6 Standard SDK (ARMV4I)
		{149605A6-6ED5-4A0A-BE52-D0AC31B306C8}.RU|Windows Mobile 6 Standard SDK (ARMV4I).Build.0 = RU|Windows Mobile 6 Standard SDK (ARMV4I)
		{149605A6-6ED5-4A0A-BE52-D0AC31B306C8}.RU|Windows Mobile 6 Standard SDK (ARMV4I).Deploy.0 = RU|Windows Mobile 6 Standard SDK (ARMV4I)
		{149605A6-6ED5-4A0A-BE52-D0AC31B306C8}.RU|x64.ActiveCfg = RU|x64
		{149605A6-6ED5-4A0A-BE52-D0AC31B306C8}.RU|x64.Build.0 = RU|x64
	EndGlobalSection
	GlobalSection(SolutionProperties) = preSolution
		HideSolutionNode = FALSE
	EndGlobalSection
EndGlobal
