
Microsoft Visual Studio Solution File, Format Version 12.00
# Visual Studio 2013
VisualStudioVersion = 12.0.21005.1
MinimumVisualStudioVersion = 10.0.40219.1
Project("{8BC9CEB8-8B4A-11D0-8D11-00A0C91BC942}") = "Six", "Six.vcxproj", "{48F2C0C1-E433-4F12-88EA-431B1DE43220}"
EndProject
Global
	GlobalSection(SolutionConfigurationPlatforms) = preSolution
		DA|Win32 = DA|Win32
		DA|x64 = DA|x64
		DU|Win32 = DU|Win32
		DU|x64 = DU|x64
		RA|Win32 = RA|Win32
		RA|x64 = RA|x64
		RU|Win32 = RU|Win32
		RU|x64 = RU|x64
	EndGlobalSection
	GlobalSection(ProjectConfigurationPlatforms) = postSolution
		{48F2C0C1-E433-4F12-88EA-431B1DE43220}.DA|Win32.ActiveCfg = DA|Win32
		{48F2C0C1-E433-4F12-88EA-431B1DE43220}.DA|Win32.Build.0 = DA|Win32
		{48F2C0C1-E433-4F12-88EA-431B1DE43220}.DA|x64.ActiveCfg = DA|x64
		{48F2C0C1-E433-4F12-88EA-431B1DE43220}.DA|x64.Build.0 = DA|x64
		{48F2C0C1-E433-4F12-88EA-431B1DE43220}.DU|Win32.ActiveCfg = DU|Win32
		{48F2C0C1-E433-4F12-88EA-431B1DE43220}.DU|Win32.Build.0 = DU|Win32
		{48F2C0C1-E433-4F12-88EA-431B1DE43220}.DU|x64.ActiveCfg = DU|x64
		{48F2C0C1-E433-4F12-88EA-431B1DE43220}.DU|x64.Build.0 = DU|x64
		{48F2C0C1-E433-4F12-88EA-431B1DE43220}.RA|Win32.ActiveCfg = RA|Win32
		{48F2C0C1-E433-4F12-88EA-431B1DE43220}.RA|Win32.Build.0 = RA|Win32
		{48F2C0C1-E433-4F12-88EA-431B1DE43220}.RA|x64.ActiveCfg = RA|x64
		{48F2C0C1-E433-4F12-88EA-431B1DE43220}.RA|x64.Build.0 = RA|x64
		{48F2C0C1-E433-4F12-88EA-431B1DE43220}.RU|Win32.ActiveCfg = RU|Win32
		{48F2C0C1-E433-4F12-88EA-431B1DE43220}.RU|Win32.Build.0 = RU|Win32
		{48F2C0C1-E433-4F12-88EA-431B1DE43220}.RU|x64.ActiveCfg = RU|x64
		{48F2C0C1-E433-4F12-88EA-431B1DE43220}.RU|x64.Build.0 = RU|x64
	EndGlobalSection
	GlobalSection(SolutionProperties) = preSolution
		HideSolutionNode = FALSE
	EndGlobalSection
EndGlobal
